version = 1
revision = 2
requires-python = ">=3.13"

[[package]]
name = "annotated-types"
version = "0.7.0"
source = { registry = "https://pypi.org/simple" }
sdist = { url = "https://files.pythonhosted.org/packages/ee/67/531ea369ba64dcff5ec9c3402f9f51bf748cec26dde048a2f973a4eea7f5/annotated_types-0.7.0.tar.gz", hash = "sha256:aff07c09a53a08bc8cfccb9c85b05f1aa9a2a6f23728d790723543408344ce89", size = 16081, upload-time = "2024-05-20T21:33:25.928Z" }
wheels = [
    { url = "https://files.pythonhosted.org/packages/78/b6/6307fbef88d9b5ee7421e68d78a9f162e0da4900bc5f5793f6d3d0e34fb8/annotated_types-0.7.0-py3-none-any.whl", hash = "sha256:1f02e8b43a8fbbc3f3e0d4f0f4bfc8131bcb4eebe8849b8e5c773f3a1c582a53", size = 13643, upload-time = "2024-05-20T21:33:24.1Z" },
]

[[package]]
name = "finalyze"
version = "0.1.0"
source = { editable = "." }
dependencies = [
    { name = "lxml" },
    { name = "pandas" },
    { name = "pendulum" },
    { name = "plotly" },
    { name = "polars" },
    { name = "pyarrow" },
    { name = "pydantic" },
    { name = "pydantic-extra-types" },
    { name = "readchar" },
    { name = "toml" },
]

[package.metadata]
requires-dist = [
    { name = "lxml", specifier = "==5.3.0" },
    { name = "pandas", specifier = "==2.2.3" },
    { name = "pendulum", specifier = "==3.0.0" },
    { name = "plotly", specifier = "==5.24.1" },
    { name = "polars", specifier = "==1.25.2" },
    { name = "pyarrow", specifier = "==18.0.0" },
    { name = "pydantic", specifier = "==2.10.4" },
    { name = "pydantic-extra-types", specifier = "==2.10.1" },
    { name = "readchar", specifier = "==4.2.1" },
    { name = "toml", specifier = "==0.10.2" },
]

[[package]]
name = "lxml"
version = "5.3.0"
source = { registry = "https://pypi.org/simple" }
sdist = { url = "https://files.pythonhosted.org/packages/e7/6b/20c3a4b24751377aaa6307eb230b66701024012c29dd374999cc92983269/lxml-5.3.0.tar.gz", hash = "sha256:4e109ca30d1edec1ac60cdbe341905dc3b8f55b16855e03a54aaf59e51ec8c6f", size = 3679318, upload-time = "2024-08-10T18:17:29.668Z" }
wheels = [
    { url = "https://files.pythonhosted.org/packages/94/6a/42141e4d373903bfea6f8e94b2f554d05506dfda522ada5343c651410dc8/lxml-5.3.0-cp313-cp313-macosx_10_13_universal2.whl", hash = "sha256:8c72e9563347c7395910de6a3100a4840a75a6f60e05af5e58566868d5eb2d6a", size = 8156284, upload-time = "2024-08-10T18:12:10.439Z" },
    { url = "https://files.pythonhosted.org/packages/91/5e/fa097f0f7d8b3d113fb7312c6308af702f2667f22644441715be961f2c7e/lxml-5.3.0-cp313-cp313-macosx_10_13_x86_64.whl", hash = "sha256:e92ce66cd919d18d14b3856906a61d3f6b6a8500e0794142338da644260595cd", size = 4432407, upload-time = "2024-08-10T18:12:13.917Z" },
    { url = "https://files.pythonhosted.org/packages/2d/a1/b901988aa6d4ff937f2e5cfc114e4ec561901ff00660c3e56713642728da/lxml-5.3.0-cp313-cp313-manylinux_2_12_i686.manylinux2010_i686.manylinux_2_17_i686.manylinux2014_i686.whl", hash = "sha256:1d04f064bebdfef9240478f7a779e8c5dc32b8b7b0b2fc6a62e39b928d428e51", size = 5048331, upload-time = "2024-08-10T18:12:17.204Z" },
    { url = "https://files.pythonhosted.org/packages/30/0f/b2a54f48e52de578b71bbe2a2f8160672a8a5e103df3a78da53907e8c7ed/lxml-5.3.0-cp313-cp313-manylinux_2_17_aarch64.manylinux2014_aarch64.whl", hash = "sha256:5c2fb570d7823c2bbaf8b419ba6e5662137f8166e364a8b2b91051a1fb40ab8b", size = 4744835, upload-time = "2024-08-10T18:12:21.172Z" },
    { url = "https://files.pythonhosted.org/packages/82/9d/b000c15538b60934589e83826ecbc437a1586488d7c13f8ee5ff1f79a9b8/lxml-5.3.0-cp313-cp313-manylinux_2_17_ppc64le.manylinux2014_ppc64le.whl", hash = "sha256:0c120f43553ec759f8de1fee2f4794452b0946773299d44c36bfe18e83caf002", size = 5316649, upload-time = "2024-08-10T18:12:24.897Z" },
    { url = "https://files.pythonhosted.org/packages/e3/ee/ffbb9eaff5e541922611d2c56b175c45893d1c0b8b11e5a497708a6a3b3b/lxml-5.3.0-cp313-cp313-manylinux_2_17_s390x.manylinux2014_s390x.whl", hash = "sha256:562e7494778a69086f0312ec9689f6b6ac1c6b65670ed7d0267e49f57ffa08c4", size = 4812046, upload-time = "2024-08-10T18:12:29.028Z" },
    { url = "https://files.pythonhosted.org/packages/15/ff/7ff89d567485c7b943cdac316087f16b2399a8b997007ed352a1248397e5/lxml-5.3.0-cp313-cp313-manylinux_2_17_x86_64.manylinux2014_x86_64.whl", hash = "sha256:423b121f7e6fa514ba0c7918e56955a1d4470ed35faa03e3d9f0e3baa4c7e492", size = 4918597, upload-time = "2024-08-10T18:12:32.278Z" },
    { url = "https://files.pythonhosted.org/packages/c6/a3/535b6ed8c048412ff51268bdf4bf1cf052a37aa7e31d2e6518038a883b29/lxml-5.3.0-cp313-cp313-manylinux_2_28_aarch64.whl", hash = "sha256:c00f323cc00576df6165cc9d21a4c21285fa6b9989c5c39830c3903dc4303ef3", size = 4738071, upload-time = "2024-08-10T18:12:35.407Z" },
    { url = "https://files.pythonhosted.org/packages/7a/8f/cbbfa59cb4d4fd677fe183725a76d8c956495d7a3c7f111ab8f5e13d2e83/lxml-5.3.0-cp313-cp313-manylinux_2_28_ppc64le.whl", hash = "sha256:1fdc9fae8dd4c763e8a31e7630afef517eab9f5d5d31a278df087f307bf601f4", size = 5342213, upload-time = "2024-08-10T18:12:38.73Z" },
    { url = "https://files.pythonhosted.org/packages/5c/fb/db4c10dd9958d4b52e34d1d1f7c1f434422aeaf6ae2bbaaff2264351d944/lxml-5.3.0-cp313-cp313-manylinux_2_28_s390x.whl", hash = "sha256:658f2aa69d31e09699705949b5fc4719cbecbd4a97f9656a232e7d6c7be1a367", size = 4893749, upload-time = "2024-08-10T18:12:42.606Z" },
    { url = "https://files.pythonhosted.org/packages/f2/38/bb4581c143957c47740de18a3281a0cab7722390a77cc6e610e8ebf2d736/lxml-5.3.0-cp313-cp313-manylinux_2_28_x86_64.whl", hash = "sha256:1473427aff3d66a3fa2199004c3e601e6c4500ab86696edffdbc84954c72d832", size = 4945901, upload-time = "2024-08-10T18:12:45.944Z" },
    { url = "https://files.pythonhosted.org/packages/fc/d5/18b7de4960c731e98037bd48fa9f8e6e8f2558e6fbca4303d9b14d21ef3b/lxml-5.3.0-cp313-cp313-musllinux_1_2_aarch64.whl", hash = "sha256:a87de7dd873bf9a792bf1e58b1c3887b9264036629a5bf2d2e6579fe8e73edff", size = 4815447, upload-time = "2024-08-10T18:12:49.051Z" },
    { url = "https://files.pythonhosted.org/packages/97/a8/cd51ceaad6eb849246559a8ef60ae55065a3df550fc5fcd27014361c1bab/lxml-5.3.0-cp313-cp313-musllinux_1_2_ppc64le.whl", hash = "sha256:0d7b36afa46c97875303a94e8f3ad932bf78bace9e18e603f2085b652422edcd", size = 5411186, upload-time = "2024-08-10T18:12:52.388Z" },
    { url = "https://files.pythonhosted.org/packages/89/c3/1e3dabab519481ed7b1fdcba21dcfb8832f57000733ef0e71cf6d09a5e03/lxml-5.3.0-cp313-cp313-musllinux_1_2_s390x.whl", hash = "sha256:cf120cce539453ae086eacc0130a324e7026113510efa83ab42ef3fcfccac7fb", size = 5324481, upload-time = "2024-08-10T18:12:56.021Z" },
    { url = "https://files.pythonhosted.org/packages/b6/17/71e9984cf0570cd202ac0a1c9ed5c1b8889b0fc8dc736f5ef0ffb181c284/lxml-5.3.0-cp313-cp313-musllinux_1_2_x86_64.whl", hash = "sha256:df5c7333167b9674aa8ae1d4008fa4bc17a313cc490b2cca27838bbdcc6bb15b", size = 5011053, upload-time = "2024-08-10T18:12:59.714Z" },
    { url = "https://files.pythonhosted.org/packages/69/68/9f7e6d3312a91e30829368c2b3217e750adef12a6f8eb10498249f4e8d72/lxml-5.3.0-cp313-cp313-win32.whl", hash = "sha256:c802e1c2ed9f0c06a65bc4ed0189d000ada8049312cfeab6ca635e39c9608957", size = 3485634, upload-time = "2024-08-10T18:13:02.78Z" },
    { url = "https://files.pythonhosted.org/packages/7d/db/214290d58ad68c587bd5d6af3d34e56830438733d0d0856c0275fde43652/lxml-5.3.0-cp313-cp313-win_amd64.whl", hash = "sha256:406246b96d552e0503e17a1006fd27edac678b3fcc9f1be71a2f94b4ff61528d", size = 3814417, upload-time = "2024-08-10T18:13:05.791Z" },
]

[[package]]
name = "numpy"
version = "2.3.0"
source = { registry = "https://pypi.org/simple" }
sdist = { url = "https://files.pythonhosted.org/packages/f3/db/8e12381333aea300890829a0a36bfa738cac95475d88982d538725143fd9/numpy-2.3.0.tar.gz", hash = "sha256:581f87f9e9e9db2cba2141400e160e9dd644ee248788d6f90636eeb8fd9260a6", size = 20382813, upload-time = "2025-06-07T14:54:32.608Z" }
wheels = [
    { url = "https://files.pythonhosted.org/packages/73/fc/1d67f751fd4dbafc5780244fe699bc4084268bad44b7c5deb0492473127b/numpy-2.3.0-cp313-cp313-macosx_10_13_x86_64.whl", hash = "sha256:5754ab5595bfa2c2387d241296e0381c21f44a4b90a776c3c1d39eede13a746a", size = 20889633, upload-time = "2025-06-07T14:44:06.839Z" },
    { url = "https://files.pythonhosted.org/packages/e8/95/73ffdb69e5c3f19ec4530f8924c4386e7ba097efc94b9c0aff607178ad94/numpy-2.3.0-cp313-cp313-macosx_11_0_arm64.whl", hash = "sha256:d11fa02f77752d8099573d64e5fe33de3229b6632036ec08f7080f46b6649959", size = 14151683, upload-time = "2025-06-07T14:44:28.847Z" },
    { url = "https://files.pythonhosted.org/packages/64/d5/06d4bb31bb65a1d9c419eb5676173a2f90fd8da3c59f816cc54c640ce265/numpy-2.3.0-cp313-cp313-macosx_14_0_arm64.whl", hash = "sha256:aba48d17e87688a765ab1cd557882052f238e2f36545dfa8e29e6a91aef77afe", size = 5102683, upload-time = "2025-06-07T14:44:38.417Z" },
    { url = "https://files.pythonhosted.org/packages/12/8b/6c2cef44f8ccdc231f6b56013dff1d71138c48124334aded36b1a1b30c5a/numpy-2.3.0-cp313-cp313-macosx_14_0_x86_64.whl", hash = "sha256:4dc58865623023b63b10d52f18abaac3729346a7a46a778381e0e3af4b7f3beb", size = 6640253, upload-time = "2025-06-07T14:44:49.359Z" },
    { url = "https://files.pythonhosted.org/packages/62/aa/fca4bf8de3396ddb59544df9b75ffe5b73096174de97a9492d426f5cd4aa/numpy-2.3.0-cp313-cp313-manylinux_2_28_aarch64.whl", hash = "sha256:df470d376f54e052c76517393fa443758fefcdd634645bc9c1f84eafc67087f0", size = 14258658, upload-time = "2025-06-07T14:45:10.156Z" },
    { url = "https://files.pythonhosted.org/packages/1c/12/734dce1087eed1875f2297f687e671cfe53a091b6f2f55f0c7241aad041b/numpy-2.3.0-cp313-cp313-manylinux_2_28_x86_64.whl", hash = "sha256:87717eb24d4a8a64683b7a4e91ace04e2f5c7c77872f823f02a94feee186168f", size = 16628765, upload-time = "2025-06-07T14:45:35.076Z" },
    { url = "https://files.pythonhosted.org/packages/48/03/ffa41ade0e825cbcd5606a5669962419528212a16082763fc051a7247d76/numpy-2.3.0-cp313-cp313-musllinux_1_2_aarch64.whl", hash = "sha256:d8fa264d56882b59dcb5ea4d6ab6f31d0c58a57b41aec605848b6eb2ef4a43e8", size = 15564335, upload-time = "2025-06-07T14:45:58.797Z" },
    { url = "https://files.pythonhosted.org/packages/07/58/869398a11863310aee0ff85a3e13b4c12f20d032b90c4b3ee93c3b728393/numpy-2.3.0-cp313-cp313-musllinux_1_2_x86_64.whl", hash = "sha256:e651756066a0eaf900916497e20e02fe1ae544187cb0fe88de981671ee7f6270", size = 18360608, upload-time = "2025-06-07T14:46:25.687Z" },
    { url = "https://files.pythonhosted.org/packages/2f/8a/5756935752ad278c17e8a061eb2127c9a3edf4ba2c31779548b336f23c8d/numpy-2.3.0-cp313-cp313-win32.whl", hash = "sha256:e43c3cce3b6ae5f94696669ff2a6eafd9a6b9332008bafa4117af70f4b88be6f", size = 6310005, upload-time = "2025-06-07T14:50:13.138Z" },
    { url = "https://files.pythonhosted.org/packages/08/60/61d60cf0dfc0bf15381eaef46366ebc0c1a787856d1db0c80b006092af84/numpy-2.3.0-cp313-cp313-win_amd64.whl", hash = "sha256:81ae0bf2564cf475f94be4a27ef7bcf8af0c3e28da46770fc904da9abd5279b5", size = 12729093, upload-time = "2025-06-07T14:50:31.82Z" },
    { url = "https://files.pythonhosted.org/packages/66/31/2f2f2d2b3e3c32d5753d01437240feaa32220b73258c9eef2e42a0832866/numpy-2.3.0-cp313-cp313-win_arm64.whl", hash = "sha256:c8738baa52505fa6e82778580b23f945e3578412554d937093eac9205e845e6e", size = 9885689, upload-time = "2025-06-07T14:50:47.888Z" },
    { url = "https://files.pythonhosted.org/packages/f1/89/c7828f23cc50f607ceb912774bb4cff225ccae7131c431398ad8400e2c98/numpy-2.3.0-cp313-cp313t-macosx_10_13_x86_64.whl", hash = "sha256:39b27d8b38942a647f048b675f134dd5a567f95bfff481f9109ec308515c51d8", size = 20986612, upload-time = "2025-06-07T14:46:56.077Z" },
    { url = "https://files.pythonhosted.org/packages/dd/46/79ecf47da34c4c50eedec7511e53d57ffdfd31c742c00be7dc1d5ffdb917/numpy-2.3.0-cp313-cp313t-macosx_11_0_arm64.whl", hash = "sha256:0eba4a1ea88f9a6f30f56fdafdeb8da3774349eacddab9581a21234b8535d3d3", size = 14298953, upload-time = "2025-06-07T14:47:18.053Z" },
    { url = "https://files.pythonhosted.org/packages/59/44/f6caf50713d6ff4480640bccb2a534ce1d8e6e0960c8f864947439f0ee95/numpy-2.3.0-cp313-cp313t-macosx_14_0_arm64.whl", hash = "sha256:b0f1f11d0a1da54927436505a5a7670b154eac27f5672afc389661013dfe3d4f", size = 5225806, upload-time = "2025-06-07T14:47:27.524Z" },
    { url = "https://files.pythonhosted.org/packages/a6/43/e1fd1aca7c97e234dd05e66de4ab7a5be54548257efcdd1bc33637e72102/numpy-2.3.0-cp313-cp313t-macosx_14_0_x86_64.whl", hash = "sha256:690d0a5b60a47e1f9dcec7b77750a4854c0d690e9058b7bef3106e3ae9117808", size = 6735169, upload-time = "2025-06-07T14:47:38.057Z" },
    { url = "https://files.pythonhosted.org/packages/84/89/f76f93b06a03177c0faa7ca94d0856c4e5c4bcaf3c5f77640c9ed0303e1c/numpy-2.3.0-cp313-cp313t-manylinux_2_28_aarch64.whl", hash = "sha256:8b51ead2b258284458e570942137155978583e407babc22e3d0ed7af33ce06f8", size = 14330701, upload-time = "2025-06-07T14:47:59.113Z" },
    { url = "https://files.pythonhosted.org/packages/aa/f5/4858c3e9ff7a7d64561b20580cf7cc5d085794bd465a19604945d6501f6c/numpy-2.3.0-cp313-cp313t-manylinux_2_28_x86_64.whl", hash = "sha256:aaf81c7b82c73bd9b45e79cfb9476cb9c29e937494bfe9092c26aece812818ad", size = 16692983, upload-time = "2025-06-07T14:48:24.196Z" },
    { url = "https://files.pythonhosted.org/packages/08/17/0e3b4182e691a10e9483bcc62b4bb8693dbf9ea5dc9ba0b77a60435074bb/numpy-2.3.0-cp313-cp313t-musllinux_1_2_aarch64.whl", hash = "sha256:f420033a20b4f6a2a11f585f93c843ac40686a7c3fa514060a97d9de93e5e72b", size = 15641435, upload-time = "2025-06-07T14:48:47.712Z" },
    { url = "https://files.pythonhosted.org/packages/4e/d5/463279fda028d3c1efa74e7e8d507605ae87f33dbd0543cf4c4527c8b882/numpy-2.3.0-cp313-cp313t-musllinux_1_2_x86_64.whl", hash = "sha256:d344ca32ab482bcf8735d8f95091ad081f97120546f3d250240868430ce52555", size = 18433798, upload-time = "2025-06-07T14:49:14.866Z" },
    { url = "https://files.pythonhosted.org/packages/0e/1e/7a9d98c886d4c39a2b4d3a7c026bffcf8fbcaf518782132d12a301cfc47a/numpy-2.3.0-cp313-cp313t-win32.whl", hash = "sha256:48a2e8eaf76364c32a1feaa60d6925eaf32ed7a040183b807e02674305beef61", size = 6438632, upload-time = "2025-06-07T14:49:25.67Z" },
    { url = "https://files.pythonhosted.org/packages/fe/ab/66fc909931d5eb230107d016861824f335ae2c0533f422e654e5ff556784/numpy-2.3.0-cp313-cp313t-win_amd64.whl", hash = "sha256:ba17f93a94e503551f154de210e4d50c5e3ee20f7e7a1b5f6ce3f22d419b93bb", size = 12868491, upload-time = "2025-06-07T14:49:44.898Z" },
    { url = "https://files.pythonhosted.org/packages/ee/e8/2c8a1c9e34d6f6d600c83d5ce5b71646c32a13f34ca5c518cc060639841c/numpy-2.3.0-cp313-cp313t-win_arm64.whl", hash = "sha256:f14e016d9409680959691c109be98c436c6249eaf7f118b424679793607b5944", size = 9935345, upload-time = "2025-06-07T14:50:02.311Z" },
]

[[package]]
name = "packaging"
version = "25.0"
source = { registry = "https://pypi.org/simple" }
sdist = { url = "https://files.pythonhosted.org/packages/a1/d4/1fc4078c65507b51b96ca8f8c3ba19e6a61c8253c72794544580a7b6c24d/packaging-25.0.tar.gz", hash = "sha256:d443872c98d677bf60f6a1f2f8c1cb748e8fe762d2bf9d3148b5599295b0fc4f", size = 165727, upload-time = "2025-04-19T11:48:59.673Z" }
wheels = [
    { url = "https://files.pythonhosted.org/packages/20/12/38679034af332785aac8774540895e234f4d07f7545804097de4b666afd8/packaging-25.0-py3-none-any.whl", hash = "sha256:29572ef2b1f17581046b3a2227d5c611fb25ec70ca1ba8554b24b0e69331a484", size = 66469, upload-time = "2025-04-19T11:48:57.875Z" },
]

[[package]]
name = "pandas"
version = "2.2.3"
source = { registry = "https://pypi.org/simple" }
dependencies = [
    { name = "numpy" },
    { name = "python-dateutil" },
    { name = "pytz" },
    { name = "tzdata" },
]
sdist = { url = "https://files.pythonhosted.org/packages/9c/d6/9f8431bacc2e19dca897724cd097b1bb224a6ad5433784a44b587c7c13af/pandas-2.2.3.tar.gz", hash = "sha256:4f18ba62b61d7e192368b84517265a99b4d7ee8912f8708660fb4a366cc82667", size = 4399213, upload-time = "2024-09-20T13:10:04.827Z" }
wheels = [
    { url = "https://files.pythonhosted.org/packages/64/22/3b8f4e0ed70644e85cfdcd57454686b9057c6c38d2f74fe4b8bc2527214a/pandas-2.2.3-cp313-cp313-macosx_10_13_x86_64.whl", hash = "sha256:f00d1345d84d8c86a63e476bb4955e46458b304b9575dcf71102b5c705320015", size = 12477643, upload-time = "2024-09-20T13:09:25.522Z" },
    { url = "https://files.pythonhosted.org/packages/e4/93/b3f5d1838500e22c8d793625da672f3eec046b1a99257666c94446969282/pandas-2.2.3-cp313-cp313-macosx_11_0_arm64.whl", hash = "sha256:3508d914817e153ad359d7e069d752cdd736a247c322d932eb89e6bc84217f28", size = 11281573, upload-time = "2024-09-20T13:09:28.012Z" },
    { url = "https://files.pythonhosted.org/packages/f5/94/6c79b07f0e5aab1dcfa35a75f4817f5c4f677931d4234afcd75f0e6a66ca/pandas-2.2.3-cp313-cp313-manylinux2014_aarch64.manylinux_2_17_aarch64.whl", hash = "sha256:22a9d949bfc9a502d320aa04e5d02feab689d61da4e7764b62c30b991c42c5f0", size = 15196085, upload-time = "2024-09-20T19:02:10.451Z" },
    { url = "https://files.pythonhosted.org/packages/e8/31/aa8da88ca0eadbabd0a639788a6da13bb2ff6edbbb9f29aa786450a30a91/pandas-2.2.3-cp313-cp313-manylinux_2_17_x86_64.manylinux2014_x86_64.whl", hash = "sha256:f3a255b2c19987fbbe62a9dfd6cff7ff2aa9ccab3fc75218fd4b7530f01efa24", size = 12711809, upload-time = "2024-09-20T13:09:30.814Z" },
    { url = "https://files.pythonhosted.org/packages/ee/7c/c6dbdb0cb2a4344cacfb8de1c5808ca885b2e4dcfde8008266608f9372af/pandas-2.2.3-cp313-cp313-musllinux_1_2_aarch64.whl", hash = "sha256:800250ecdadb6d9c78eae4990da62743b857b470883fa27f652db8bdde7f6659", size = 16356316, upload-time = "2024-09-20T19:02:13.825Z" },
    { url = "https://files.pythonhosted.org/packages/57/b7/8b757e7d92023b832869fa8881a992696a0bfe2e26f72c9ae9f255988d42/pandas-2.2.3-cp313-cp313-musllinux_1_2_x86_64.whl", hash = "sha256:6374c452ff3ec675a8f46fd9ab25c4ad0ba590b71cf0656f8b6daa5202bca3fb", size = 14022055, upload-time = "2024-09-20T13:09:33.462Z" },
    { url = "https://files.pythonhosted.org/packages/3b/bc/4b18e2b8c002572c5a441a64826252ce5da2aa738855747247a971988043/pandas-2.2.3-cp313-cp313-win_amd64.whl", hash = "sha256:61c5ad4043f791b61dd4752191d9f07f0ae412515d59ba8f005832a532f8736d", size = 11481175, upload-time = "2024-09-20T13:09:35.871Z" },
    { url = "https://files.pythonhosted.org/packages/76/a3/a5d88146815e972d40d19247b2c162e88213ef51c7c25993942c39dbf41d/pandas-2.2.3-cp313-cp313t-macosx_10_13_x86_64.whl", hash = "sha256:3b71f27954685ee685317063bf13c7709a7ba74fc996b84fc6821c59b0f06468", size = 12615650, upload-time = "2024-09-20T13:09:38.685Z" },
    { url = "https://files.pythonhosted.org/packages/9c/8c/f0fd18f6140ddafc0c24122c8a964e48294acc579d47def376fef12bcb4a/pandas-2.2.3-cp313-cp313t-macosx_11_0_arm64.whl", hash = "sha256:38cf8125c40dae9d5acc10fa66af8ea6fdf760b2714ee482ca691fc66e6fcb18", size = 11290177, upload-time = "2024-09-20T13:09:41.141Z" },
    { url = "https://files.pythonhosted.org/packages/ed/f9/e995754eab9c0f14c6777401f7eece0943840b7a9fc932221c19d1abee9f/pandas-2.2.3-cp313-cp313t-manylinux2014_aarch64.manylinux_2_17_aarch64.whl", hash = "sha256:ba96630bc17c875161df3818780af30e43be9b166ce51c9a18c1feae342906c2", size = 14651526, upload-time = "2024-09-20T19:02:16.905Z" },
    { url = "https://files.pythonhosted.org/packages/25/b0/98d6ae2e1abac4f35230aa756005e8654649d305df9a28b16b9ae4353bff/pandas-2.2.3-cp313-cp313t-manylinux_2_17_x86_64.manylinux2014_x86_64.whl", hash = "sha256:1db71525a1538b30142094edb9adc10be3f3e176748cd7acc2240c2f2e5aa3a4", size = 11871013, upload-time = "2024-09-20T13:09:44.39Z" },
    { url = "https://files.pythonhosted.org/packages/cc/57/0f72a10f9db6a4628744c8e8f0df4e6e21de01212c7c981d31e50ffc8328/pandas-2.2.3-cp313-cp313t-musllinux_1_2_aarch64.whl", hash = "sha256:15c0e1e02e93116177d29ff83e8b1619c93ddc9c49083f237d4312337a61165d", size = 15711620, upload-time = "2024-09-20T19:02:20.639Z" },
    { url = "https://files.pythonhosted.org/packages/ab/5f/b38085618b950b79d2d9164a711c52b10aefc0ae6833b96f626b7021b2ed/pandas-2.2.3-cp313-cp313t-musllinux_1_2_x86_64.whl", hash = "sha256:ad5b65698ab28ed8d7f18790a0dc58005c7629f227be9ecc1072aa74c0c1d43a", size = 13098436, upload-time = "2024-09-20T13:09:48.112Z" },
]

[[package]]
name = "pendulum"
version = "3.0.0"
source = { registry = "https://pypi.org/simple" }
dependencies = [
    { name = "python-dateutil" },
    { name = "time-machine", marker = "implementation_name != 'pypy'" },
    { name = "tzdata" },
]
sdist = { url = "https://files.pythonhosted.org/packages/b8/fe/27c7438c6ac8b8f8bef3c6e571855602ee784b85d072efddfff0ceb1cd77/pendulum-3.0.0.tar.gz", hash = "sha256:5d034998dea404ec31fae27af6b22cff1708f830a1ed7353be4d1019bb9f584e", size = 84524, upload-time = "2023-12-16T21:27:19.742Z" }

[[package]]
name = "plotly"
version = "5.24.1"
source = { registry = "https://pypi.org/simple" }
dependencies = [
    { name = "packaging" },
    { name = "tenacity" },
]
sdist = { url = "https://files.pythonhosted.org/packages/79/4f/428f6d959818d7425a94c190a6b26fbc58035cbef40bf249be0b62a9aedd/plotly-5.24.1.tar.gz", hash = "sha256:dbc8ac8339d248a4bcc36e08a5659bacfe1b079390b8953533f4eb22169b4bae", size = 9479398, upload-time = "2024-09-12T15:36:31.068Z" }
wheels = [
    { url = "https://files.pythonhosted.org/packages/e5/ae/580600f441f6fc05218bd6c9d5794f4aef072a7d9093b291f1c50a9db8bc/plotly-5.24.1-py3-none-any.whl", hash = "sha256:f67073a1e637eb0dc3e46324d9d51e2fe76e9727c892dde64ddf1e1b51f29089", size = 19054220, upload-time = "2024-09-12T15:36:24.08Z" },
]

[[package]]
name = "polars"
version = "1.25.2"
source = { registry = "https://pypi.org/simple" }
sdist = { url = "https://files.pythonhosted.org/packages/57/56/d8a13c3a1990c92cc2c4f1887e97ea15aabf5685b1e826f875ca3e4e6c9e/polars-1.25.2.tar.gz", hash = "sha256:c6bd9b1b17c86e49bcf8aac44d2238b77e414d7df890afc3924812a5c989a4fe", size = 4501858, upload-time = "2025-03-15T16:55:05.901Z" }
wheels = [
    { url = "https://files.pythonhosted.org/packages/bd/ec/61ae653b7848769baa5c5aaa00f3b3eaedaec56c3f1203a90dafe893a368/polars-1.25.2-cp39-abi3-macosx_10_12_x86_64.whl", hash = "sha256:59f2a34520ea4307a22e18b832310f8045a8a348606ca99ae785499b31eb4170", size = 34539929, upload-time = "2025-03-15T16:53:55.931Z" },
    { url = "https://files.pythonhosted.org/packages/58/80/54f8cbb048558114ca519d7c40a994130c5a537246923ecce47cf269eaa6/polars-1.25.2-cp39-abi3-macosx_11_0_arm64.whl", hash = "sha256:e9fe45bdc2327c2e2b64e8849a992b6d3bd4a7e7848b8a7a3a439cca9674dc87", size = 31326982, upload-time = "2025-03-15T16:54:01.056Z" },
    { url = "https://files.pythonhosted.org/packages/cd/92/db411b7c83f694dca1b8348fa57a120c27c67cf622b85fa88c7ecf463adb/polars-1.25.2-cp39-abi3-manylinux_2_17_x86_64.manylinux2014_x86_64.whl", hash = "sha256:f7fcbb4f476784384ccda48757fca4e8c2e2c5a0a3aef3717aaf56aee4e30e09", size = 35121263, upload-time = "2025-03-15T16:54:04.932Z" },
    { url = "https://files.pythonhosted.org/packages/9f/a5/5ff200ce3bc643d5f12d91eddb9720fa083267c45fe395bcf0046e97cc2d/polars-1.25.2-cp39-abi3-manylinux_2_24_aarch64.whl", hash = "sha256:9dd91885c9ee5ffad8725c8591f73fb7bd2632c740277ee641f0453176b3d4b8", size = 32254697, upload-time = "2025-03-15T16:54:09.553Z" },
    { url = "https://files.pythonhosted.org/packages/70/d5/7a5458d05d5a0af816b1c7034aa1d026b7b8176a8de41e96dac70fcf29e2/polars-1.25.2-cp39-abi3-win_amd64.whl", hash = "sha256:a547796643b9a56cb2959be87d7cb87ff80a5c8ae9367f32fe1ad717039e9afc", size = 35318381, upload-time = "2025-03-15T16:54:14.088Z" },
    { url = "https://files.pythonhosted.org/packages/24/df/60d35c4ae8ec357a5fb9914eb253bd1bad9e0f5332eda2bd2c6371dd3668/polars-1.25.2-cp39-abi3-win_arm64.whl", hash = "sha256:a2488e9d4b67bf47b18088f7264999180559e6ec2637ed11f9d0d4f98a74a37c", size = 31619833, upload-time = "2025-03-15T16:54:17.974Z" },
]

[[package]]
name = "pyarrow"
version = "18.0.0"
source = { registry = "https://pypi.org/simple" }
sdist = { url = "https://files.pythonhosted.org/packages/ec/41/6bfd027410ba2cc35da4682394fdc4285dc345b1d99f7bd55e96255d0c7d/pyarrow-18.0.0.tar.gz", hash = "sha256:a6aa027b1a9d2970cf328ccd6dbe4a996bc13c39fd427f502782f5bdb9ca20f5", size = 1118457, upload-time = "2024-10-28T10:14:59.805Z" }
wheels = [
    { url = "https://files.pythonhosted.org/packages/13/38/4a8f8e97301adbb51c0bae7e0bc39e6878609c9337543bbbd2e9b1b3046e/pyarrow-18.0.0-cp313-cp313-macosx_12_0_arm64.whl", hash = "sha256:907ee0aa8ca576f5e0cdc20b5aeb2ad4d3953a3b4769fc4b499e00ef0266f02f", size = 29475921, upload-time = "2024-10-28T10:12:55.524Z" },
    { url = "https://files.pythonhosted.org/packages/11/75/43aad9b0678dfcdf5cc4d632f0ead92abe5666ce5b5cc985abab75e0d410/pyarrow-18.0.0-cp313-cp313-macosx_12_0_x86_64.whl", hash = "sha256:66dcc216ebae2eb4c37b223feaf82f15b69d502821dde2da138ec5a3716e7463", size = 30811777, upload-time = "2024-10-28T10:13:01.461Z" },
    { url = "https://files.pythonhosted.org/packages/1e/b7/477bcba6ff7e65d8045d0b6c04b36f12051385f533189617a652f551e742/pyarrow-18.0.0-cp313-cp313-manylinux_2_17_aarch64.manylinux2014_aarch64.whl", hash = "sha256:bc1daf7c425f58527900876354390ee41b0ae962a73ad0959b9d829def583bb1", size = 39163582, upload-time = "2024-10-28T10:13:09.731Z" },
    { url = "https://files.pythonhosted.org/packages/c8/a7/37be6828370a98b3ed1125daf41dc651b27e2a9506a3682da305db757f32/pyarrow-18.0.0-cp313-cp313-manylinux_2_17_x86_64.manylinux2014_x86_64.whl", hash = "sha256:871b292d4b696b09120ed5bde894f79ee2a5f109cb84470546471df264cae136", size = 40095799, upload-time = "2024-10-28T10:13:16.033Z" },
    { url = "https://files.pythonhosted.org/packages/5a/a0/a4eb68c3495c5e72b404c9106c4af2d02860b0a64bc9450023ed9a412c0b/pyarrow-18.0.0-cp313-cp313-manylinux_2_28_aarch64.whl", hash = "sha256:082ba62bdcb939824ba1ce10b8acef5ab621da1f4c4805e07bfd153617ac19d4", size = 38575191, upload-time = "2024-10-28T10:13:22.985Z" },
    { url = "https://files.pythonhosted.org/packages/95/1f/6c629156ed4b8e2262da57868930cbb8cffba318b8413043acd02db9ad97/pyarrow-18.0.0-cp313-cp313-manylinux_2_28_x86_64.whl", hash = "sha256:2c664ab88b9766413197733c1720d3dcd4190e8fa3bbdc3710384630a0a7207b", size = 40031824, upload-time = "2024-10-28T10:13:29.621Z" },
    { url = "https://files.pythonhosted.org/packages/00/4f/5add0884b3ee6f4f1875e9cd0e69a30905798fa1497a80ab6df4645b54b4/pyarrow-18.0.0-cp313-cp313-win_amd64.whl", hash = "sha256:dc892be34dbd058e8d189b47db1e33a227d965ea8805a235c8a7286f7fd17d3a", size = 25068305, upload-time = "2024-10-28T10:14:12.522Z" },
    { url = "https://files.pythonhosted.org/packages/84/f7/fa53f3062dd2e390b8b021ce2d8de064a141b4bffc2add05471b5b2ee0eb/pyarrow-18.0.0-cp313-cp313t-macosx_12_0_arm64.whl", hash = "sha256:28f9c39a56d2c78bf6b87dcc699d520ab850919d4a8c7418cd20eda49874a2ea", size = 29503390, upload-time = "2024-10-28T10:13:36.599Z" },
    { url = "https://files.pythonhosted.org/packages/2b/d3/03bc8a5356d95098878c0fa076e69992c6abc212898cd7286cfeab0f2c60/pyarrow-18.0.0-cp313-cp313t-macosx_12_0_x86_64.whl", hash = "sha256:f1a198a50c409ab2d009fbf20956ace84567d67f2c5701511d4dd561fae6f32e", size = 30806216, upload-time = "2024-10-28T10:13:42.084Z" },
    { url = "https://files.pythonhosted.org/packages/75/04/3b27d1352d3252abf42b0a83a2e7f6fcb7665cc98a5d3777f427eaa166bc/pyarrow-18.0.0-cp313-cp313t-manylinux_2_17_aarch64.manylinux2014_aarch64.whl", hash = "sha256:b5bd7fd32e3ace012d43925ea4fc8bd1b02cc6cc1e9813b518302950e89b5a22", size = 39086243, upload-time = "2024-10-28T10:13:47.637Z" },
    { url = "https://files.pythonhosted.org/packages/30/97/861dfbe3987156f817f3d7e6feb239de1e085a6b576f62454b7bc42c2713/pyarrow-18.0.0-cp313-cp313t-manylinux_2_17_x86_64.manylinux2014_x86_64.whl", hash = "sha256:336addb8b6f5208be1b2398442c703a710b6b937b1a046065ee4db65e782ff5a", size = 40055188, upload-time = "2024-10-28T10:13:54.591Z" },
    { url = "https://files.pythonhosted.org/packages/25/3a/14f024a1c8fb5ff67d79b616fe218bbfa06f23f198e762c6a900a843796a/pyarrow-18.0.0-cp313-cp313t-manylinux_2_28_aarch64.whl", hash = "sha256:45476490dd4adec5472c92b4d253e245258745d0ccaabe706f8d03288ed60a79", size = 38511444, upload-time = "2024-10-28T10:14:00.712Z" },
    { url = "https://files.pythonhosted.org/packages/92/a2/81c1dd744b322c0c548f793deb521bf23500806d754128ddf6f978736dff/pyarrow-18.0.0-cp313-cp313t-manylinux_2_28_x86_64.whl", hash = "sha256:b46591222c864e7da7faa3b19455196416cd8355ff6c2cc2e65726a760a3c420", size = 40006508, upload-time = "2024-10-28T10:14:07.208Z" },
]

[[package]]
name = "pydantic"
version = "2.10.4"
source = { registry = "https://pypi.org/simple" }
dependencies = [
    { name = "annotated-types" },
    { name = "pydantic-core" },
    { name = "typing-extensions" },
]
sdist = { url = "https://files.pythonhosted.org/packages/70/7e/fb60e6fee04d0ef8f15e4e01ff187a196fa976eb0f0ab524af4599e5754c/pydantic-2.10.4.tar.gz", hash = "sha256:82f12e9723da6de4fe2ba888b5971157b3be7ad914267dea8f05f82b28254f06", size = 762094, upload-time = "2024-12-18T17:09:24.84Z" }
wheels = [
    { url = "https://files.pythonhosted.org/packages/f3/26/3e1bbe954fde7ee22a6e7d31582c642aad9e84ffe4b5fb61e63b87cd326f/pydantic-2.10.4-py3-none-any.whl", hash = "sha256:597e135ea68be3a37552fb524bc7d0d66dcf93d395acd93a00682f1efcb8ee3d", size = 431765, upload-time = "2024-12-18T17:09:21.953Z" },
]

[[package]]
name = "pydantic-core"
version = "2.27.2"
source = { registry = "https://pypi.org/simple" }
dependencies = [
    { name = "typing-extensions" },
]
sdist = { url = "https://files.pythonhosted.org/packages/fc/01/f3e5ac5e7c25833db5eb555f7b7ab24cd6f8c322d3a3ad2d67a952dc0abc/pydantic_core-2.27.2.tar.gz", hash = "sha256:eb026e5a4c1fee05726072337ff51d1efb6f59090b7da90d30ea58625b1ffb39", size = 413443, upload-time = "2024-12-18T11:31:54.917Z" }
wheels = [
    { url = "https://files.pythonhosted.org/packages/41/b1/9bc383f48f8002f99104e3acff6cba1231b29ef76cfa45d1506a5cad1f84/pydantic_core-2.27.2-cp313-cp313-macosx_10_12_x86_64.whl", hash = "sha256:7d14bd329640e63852364c306f4d23eb744e0f8193148d4044dd3dacdaacbd8b", size = 1892709, upload-time = "2024-12-18T11:29:03.193Z" },
    { url = "https://files.pythonhosted.org/packages/10/6c/e62b8657b834f3eb2961b49ec8e301eb99946245e70bf42c8817350cbefc/pydantic_core-2.27.2-cp313-cp313-macosx_11_0_arm64.whl", hash = "sha256:82f91663004eb8ed30ff478d77c4d1179b3563df6cdb15c0817cd1cdaf34d154", size = 1811273, upload-time = "2024-12-18T11:29:05.306Z" },
    { url = "https://files.pythonhosted.org/packages/ba/15/52cfe49c8c986e081b863b102d6b859d9defc63446b642ccbbb3742bf371/pydantic_core-2.27.2-cp313-cp313-manylinux_2_17_aarch64.manylinux2014_aarch64.whl", hash = "sha256:71b24c7d61131bb83df10cc7e687433609963a944ccf45190cfc21e0887b08c9", size = 1823027, upload-time = "2024-12-18T11:29:07.294Z" },
    { url = "https://files.pythonhosted.org/packages/b1/1c/b6f402cfc18ec0024120602bdbcebc7bdd5b856528c013bd4d13865ca473/pydantic_core-2.27.2-cp313-cp313-manylinux_2_17_armv7l.manylinux2014_armv7l.whl", hash = "sha256:fa8e459d4954f608fa26116118bb67f56b93b209c39b008277ace29937453dc9", size = 1868888, upload-time = "2024-12-18T11:29:09.249Z" },
    { url = "https://files.pythonhosted.org/packages/bd/7b/8cb75b66ac37bc2975a3b7de99f3c6f355fcc4d89820b61dffa8f1e81677/pydantic_core-2.27.2-cp313-cp313-manylinux_2_17_ppc64le.manylinux2014_ppc64le.whl", hash = "sha256:ce8918cbebc8da707ba805b7fd0b382816858728ae7fe19a942080c24e5b7cd1", size = 2037738, upload-time = "2024-12-18T11:29:11.23Z" },
    { url = "https://files.pythonhosted.org/packages/c8/f1/786d8fe78970a06f61df22cba58e365ce304bf9b9f46cc71c8c424e0c334/pydantic_core-2.27.2-cp313-cp313-manylinux_2_17_s390x.manylinux2014_s390x.whl", hash = "sha256:eda3f5c2a021bbc5d976107bb302e0131351c2ba54343f8a496dc8783d3d3a6a", size = 2685138, upload-time = "2024-12-18T11:29:16.396Z" },
    { url = "https://files.pythonhosted.org/packages/a6/74/d12b2cd841d8724dc8ffb13fc5cef86566a53ed358103150209ecd5d1999/pydantic_core-2.27.2-cp313-cp313-manylinux_2_17_x86_64.manylinux2014_x86_64.whl", hash = "sha256:bd8086fa684c4775c27f03f062cbb9eaa6e17f064307e86b21b9e0abc9c0f02e", size = 1997025, upload-time = "2024-12-18T11:29:20.25Z" },
    { url = "https://files.pythonhosted.org/packages/a0/6e/940bcd631bc4d9a06c9539b51f070b66e8f370ed0933f392db6ff350d873/pydantic_core-2.27.2-cp313-cp313-manylinux_2_5_i686.manylinux1_i686.whl", hash = "sha256:8d9b3388db186ba0c099a6d20f0604a44eabdeef1777ddd94786cdae158729e4", size = 2004633, upload-time = "2024-12-18T11:29:23.877Z" },
    { url = "https://files.pythonhosted.org/packages/50/cc/a46b34f1708d82498c227d5d80ce615b2dd502ddcfd8376fc14a36655af1/pydantic_core-2.27.2-cp313-cp313-musllinux_1_1_aarch64.whl", hash = "sha256:7a66efda2387de898c8f38c0cf7f14fca0b51a8ef0b24bfea5849f1b3c95af27", size = 1999404, upload-time = "2024-12-18T11:29:25.872Z" },
    { url = "https://files.pythonhosted.org/packages/ca/2d/c365cfa930ed23bc58c41463bae347d1005537dc8db79e998af8ba28d35e/pydantic_core-2.27.2-cp313-cp313-musllinux_1_1_armv7l.whl", hash = "sha256:18a101c168e4e092ab40dbc2503bdc0f62010e95d292b27827871dc85450d7ee", size = 2130130, upload-time = "2024-12-18T11:29:29.252Z" },
    { url = "https://files.pythonhosted.org/packages/f4/d7/eb64d015c350b7cdb371145b54d96c919d4db516817f31cd1c650cae3b21/pydantic_core-2.27.2-cp313-cp313-musllinux_1_1_x86_64.whl", hash = "sha256:ba5dd002f88b78a4215ed2f8ddbdf85e8513382820ba15ad5ad8955ce0ca19a1", size = 2157946, upload-time = "2024-12-18T11:29:31.338Z" },
    { url = "https://files.pythonhosted.org/packages/a4/99/bddde3ddde76c03b65dfd5a66ab436c4e58ffc42927d4ff1198ffbf96f5f/pydantic_core-2.27.2-cp313-cp313-win32.whl", hash = "sha256:1ebaf1d0481914d004a573394f4be3a7616334be70261007e47c2a6fe7e50130", size = 1834387, upload-time = "2024-12-18T11:29:33.481Z" },
    { url = "https://files.pythonhosted.org/packages/71/47/82b5e846e01b26ac6f1893d3c5f9f3a2eb6ba79be26eef0b759b4fe72946/pydantic_core-2.27.2-cp313-cp313-win_amd64.whl", hash = "sha256:953101387ecf2f5652883208769a79e48db18c6df442568a0b5ccd8c2723abee", size = 1990453, upload-time = "2024-12-18T11:29:35.533Z" },
    { url = "https://files.pythonhosted.org/packages/51/b2/b2b50d5ecf21acf870190ae5d093602d95f66c9c31f9d5de6062eb329ad1/pydantic_core-2.27.2-cp313-cp313-win_arm64.whl", hash = "sha256:ac4dbfd1691affb8f48c2c13241a2e3b60ff23247cbcf981759c768b6633cf8b", size = 1885186, upload-time = "2024-12-18T11:29:37.649Z" },
]

[[package]]
name = "pydantic-extra-types"
version = "2.10.1"
source = { registry = "https://pypi.org/simple" }
dependencies = [
    { name = "pydantic" },
    { name = "typing-extensions" },
]
sdist = { url = "https://files.pythonhosted.org/packages/c3/12/844a4796dbbc814ef0a706f403cb0f3029bf324c2bca2bf0681f4f7d8618/pydantic_extra_types-2.10.1.tar.gz", hash = "sha256:e4f937af34a754b8f1fa228a2fac867091a51f56ed0e8a61d5b3a6719b13c923", size = 85694, upload-time = "2024-12-06T21:20:45.126Z" }
wheels = [
    { url = "https://files.pythonhosted.org/packages/a8/f1/92f7b4711d3d0d08981c2677ec9cdde6cb114205a69814bf803e0be5ae9b/pydantic_extra_types-2.10.1-py3-none-any.whl", hash = "sha256:db2c86c04a837bbac0d2d79bbd6f5d46c4c9253db11ca3fdd36a2b282575f1e2", size = 35155, upload-time = "2024-12-06T21:20:43.182Z" },
]

[[package]]
name = "python-dateutil"
version = "2.9.0.post0"
source = { registry = "https://pypi.org/simple" }
dependencies = [
    { name = "six" },
]
sdist = { url = "https://files.pythonhosted.org/packages/66/c0/0c8b6ad9f17a802ee498c46e004a0eb49bc148f2fd230864601a86dcf6db/python-dateutil-2.9.0.post0.tar.gz", hash = "sha256:37dd54208da7e1cd875388217d5e00ebd4179249f90fb72437e91a35459a0ad3", size = 342432, upload-time = "2024-03-01T18:36:20.211Z" }
wheels = [
    { url = "https://files.pythonhosted.org/packages/ec/57/56b9bcc3c9c6a792fcbaf139543cee77261f3651ca9da0c93f5c1221264b/python_dateutil-2.9.0.post0-py2.py3-none-any.whl", hash = "sha256:a8b2bc7bffae282281c8140a97d3aa9c14da0b136dfe83f850eea9a5f7470427", size = 229892, upload-time = "2024-03-01T18:36:18.57Z" },
]

[[package]]
name = "pytz"
version = "2025.2"
source = { registry = "https://pypi.org/simple" }
sdist = { url = "https://files.pythonhosted.org/packages/f8/bf/abbd3cdfb8fbc7fb3d4d38d320f2441b1e7cbe29be4f23797b4a2b5d8aac/pytz-2025.2.tar.gz", hash = "sha256:360b9e3dbb49a209c21ad61809c7fb453643e048b38924c765813546746e81c3", size = 320884, upload-time = "2025-03-25T02:25:00.538Z" }
wheels = [
    { url = "https://files.pythonhosted.org/packages/81/c4/34e93fe5f5429d7570ec1fa436f1986fb1f00c3e0f43a589fe2bbcd22c3f/pytz-2025.2-py2.py3-none-any.whl", hash = "sha256:5ddf76296dd8c44c26eb8f4b6f35488f3ccbf6fbbd7adee0b7262d43f0ec2f00", size = 509225, upload-time = "2025-03-25T02:24:58.468Z" },
]

[[package]]
name = "readchar"
version = "4.2.1"
source = { registry = "https://pypi.org/simple" }
sdist = { url = "https://files.pythonhosted.org/packages/dd/f8/8657b8cbb4ebeabfbdf991ac40eca8a1d1bd012011bd44ad1ed10f5cb494/readchar-4.2.1.tar.gz", hash = "sha256:91ce3faf07688de14d800592951e5575e9c7a3213738ed01d394dcc949b79adb", size = 9685, upload-time = "2024-11-04T18:28:07.757Z" }
wheels = [
    { url = "https://files.pythonhosted.org/packages/a9/10/e4b1e0e5b6b6745c8098c275b69bc9d73e9542d5c7da4f137542b499ed44/readchar-4.2.1-py3-none-any.whl", hash = "sha256:a769305cd3994bb5fa2764aa4073452dc105a4ec39068ffe6efd3c20c60acc77", size = 9350, upload-time = "2024-11-04T18:28:02.859Z" },
]

[[package]]
name = "six"
version = "1.17.0"
source = { registry = "https://pypi.org/simple" }
sdist = { url = "https://files.pythonhosted.org/packages/94/e7/b2c673351809dca68a0e064b6af791aa332cf192da575fd474ed7d6f16a2/six-1.17.0.tar.gz", hash = "sha256:ff70335d468e7eb6ec65b95b99d3a2836546063f63acc5171de367e834932a81", size = 34031, upload-time = "2024-12-04T17:35:28.174Z" }
wheels = [
    { url = "https://files.pythonhosted.org/packages/b7/ce/149a00dd41f10bc29e5921b496af8b574d8413afcd5e30dfa0ed46c2cc5e/six-1.17.0-py2.py3-none-any.whl", hash = "sha256:4721f391ed90541fddacab5acf947aa0d3dc7d27b2e1e8eda2be8970586c3274", size = 11050, upload-time = "2024-12-04T17:35:26.475Z" },
]

[[package]]
name = "tenacity"
version = "9.1.2"
source = { registry = "https://pypi.org/simple" }
sdist = { url = "https://files.pythonhosted.org/packages/0a/d4/2b0cd0fe285e14b36db076e78c93766ff1d529d70408bd1d2a5a84f1d929/tenacity-9.1.2.tar.gz", hash = "sha256:1169d376c297e7de388d18b4481760d478b0e99a777cad3a9c86e556f4b697cb", size = 48036, upload-time = "2025-04-02T08:25:09.966Z" }
wheels = [
    { url = "https://files.pythonhosted.org/packages/e5/30/643397144bfbfec6f6ef821f36f33e57d35946c44a2352d3c9f0ae847619/tenacity-9.1.2-py3-none-any.whl", hash = "sha256:f77bf36710d8b73a50b2dd155c97b870017ad21afe6ab300326b0371b3b05138", size = 28248, upload-time = "2025-04-02T08:25:07.678Z" },
]

[[package]]
name = "time-machine"
version = "2.16.0"
source = { registry = "https://pypi.org/simple" }
dependencies = [
    { name = "python-dateutil" },
]
sdist = { url = "https://files.pythonhosted.org/packages/fb/dd/5022939b9cadefe3af04f4012186c29b8afbe858b1ec2cfa38baeec94dab/time_machine-2.16.0.tar.gz", hash = "sha256:4a99acc273d2f98add23a89b94d4dd9e14969c01214c8514bfa78e4e9364c7e2", size = 24626, upload-time = "2024-10-08T14:21:59.734Z" }
wheels = [
    { url = "https://files.pythonhosted.org/packages/a6/18/3087d0eb185cedbc82385f46bf16032ec7102a0e070205a2c88c4ecf9952/time_machine-2.16.0-cp313-cp313-macosx_10_13_universal2.whl", hash = "sha256:7751bf745d54e9e8b358c0afa332815da9b8a6194b26d0fd62876ab6c4d5c9c0", size = 20209, upload-time = "2024-10-08T14:21:34.222Z" },
    { url = "https://files.pythonhosted.org/packages/03/a3/fcc3eaf69390402ecf491d718e533b6d0e06d944d77fc8d87be3a2839102/time_machine-2.16.0-cp313-cp313-macosx_10_13_x86_64.whl", hash = "sha256:1784edf173ca840ba154de6eed000b5727f65ab92972c2f88cec5c4d6349c5f2", size = 16681, upload-time = "2024-10-08T14:21:35.14Z" },
    { url = "https://files.pythonhosted.org/packages/a2/96/8b76d264014bf9dc21873218de50d67223c71736f87fe6c65e582f7c29ac/time_machine-2.16.0-cp313-cp313-manylinux_2_17_aarch64.manylinux2014_aarch64.whl", hash = "sha256:2f5876a5682ce1f517e55d7ace2383432627889f6f7e338b961f99d684fd9e8d", size = 33768, upload-time = "2024-10-08T14:21:36.942Z" },
    { url = "https://files.pythonhosted.org/packages/5c/13/59ae8259be02b6c657ef6e3b6952bf274b43849f6f35cc61a576c68ce301/time_machine-2.16.0-cp313-cp313-manylinux_2_5_i686.manylinux1_i686.manylinux_2_17_i686.manylinux2014_i686.whl", hash = "sha256:806672529a2e255cd901f244c9033767dc1fa53466d0d3e3e49565a1572a64fe", size = 31685, upload-time = "2024-10-08T14:21:37.881Z" },
    { url = "https://files.pythonhosted.org/packages/3e/c1/9f142beb4d373a2a01ebb58d5117289315baa5131d880ec804db49e94bf7/time_machine-2.16.0-cp313-cp313-manylinux_2_5_x86_64.manylinux1_x86_64.manylinux_2_17_x86_64.manylinux2014_x86_64.whl", hash = "sha256:667b150fedb54acdca2a4bea5bf6da837b43e6dd12857301b48191f8803ba93f", size = 33447, upload-time = "2024-10-08T14:21:38.809Z" },
    { url = "https://files.pythonhosted.org/packages/95/f7/ed9ecd93c2d38dca77d0a28e070020f3ce0fb23e0d4a6edb14bcfffa5526/time_machine-2.16.0-cp313-cp313-musllinux_1_2_aarch64.whl", hash = "sha256:da3ae1028af240c0c46c79adf9c1acffecc6ed1701f2863b8132f5ceae6ae4b5", size = 33408, upload-time = "2024-10-08T14:21:39.785Z" },
    { url = "https://files.pythonhosted.org/packages/91/40/d0d274d70fa2c4cad531745deb8c81346365beb0a2736be05a3acde8b94a/time_machine-2.16.0-cp313-cp313-musllinux_1_2_i686.whl", hash = "sha256:520a814ea1b2706c89ab260a54023033d3015abef25c77873b83e3d7c1fafbb2", size = 31526, upload-time = "2024-10-08T14:21:40.769Z" },
    { url = "https://files.pythonhosted.org/packages/1d/ba/a27cdbb324d9a6d779cde0d514d47b696b5a6a653705d4b511fd65ef1514/time_machine-2.16.0-cp313-cp313-musllinux_1_2_x86_64.whl", hash = "sha256:8243664438bb468408b29c6865958662d75e51f79c91842d2794fa22629eb697", size = 33042, upload-time = "2024-10-08T14:21:41.722Z" },
    { url = "https://files.pythonhosted.org/packages/72/63/64e9156c9e38c18720d0cc41378168635241de44013ffe3dd5b099447eb0/time_machine-2.16.0-cp313-cp313-win32.whl", hash = "sha256:32d445ce20d25c60ab92153c073942b0bac9815bfbfd152ce3dcc225d15ce988", size = 19108, upload-time = "2024-10-08T14:21:43.596Z" },
    { url = "https://files.pythonhosted.org/packages/3d/40/27f5738fbd50b78dcc0682c14417eac5a49ccf430525dd0c5a058be125a2/time_machine-2.16.0-cp313-cp313-win_amd64.whl", hash = "sha256:f6927dda86425f97ffda36131f297b1a601c64a6ee6838bfa0e6d3149c2f0d9f", size = 19935, upload-time = "2024-10-08T14:21:45.277Z" },
    { url = "https://files.pythonhosted.org/packages/35/75/c4d8b2f0fe7dac22854d88a9c509d428e78ac4bf284bc54cfe83f75cc13b/time_machine-2.16.0-cp313-cp313-win_arm64.whl", hash = "sha256:4d3843143c46dddca6491a954bbd0abfd435681512ac343169560e9bab504129", size = 18047, upload-time = "2024-10-08T14:21:46.261Z" },
]

[[package]]
name = "toml"
version = "0.10.2"
source = { registry = "https://pypi.org/simple" }
sdist = { url = "https://files.pythonhosted.org/packages/be/ba/1f744cdc819428fc6b5084ec34d9b30660f6f9daaf70eead706e3203ec3c/toml-0.10.2.tar.gz", hash = "sha256:b3bda1d108d5dd99f4a20d24d9c348e91c4db7ab1b749200bded2f839ccbe68f", size = 22253, upload-time = "2020-11-01T01:40:22.204Z" }
wheels = [
    { url = "https://files.pythonhosted.org/packages/44/6f/7120676b6d73228c96e17f1f794d8ab046fc910d781c8d151120c3f1569e/toml-0.10.2-py2.py3-none-any.whl", hash = "sha256:806143ae5bfb6a3c6e736a764057db0e6a0e05e338b5630894a5f779cabb4f9b", size = 16588, upload-time = "2020-11-01T01:40:20.672Z" },
]

[[package]]
name = "typing-extensions"
version = "4.14.0"
source = { registry = "https://pypi.org/simple" }
sdist = { url = "https://files.pythonhosted.org/packages/d1/bc/51647cd02527e87d05cb083ccc402f93e441606ff1f01739a62c8ad09ba5/typing_extensions-4.14.0.tar.gz", hash = "sha256:8676b788e32f02ab42d9e7c61324048ae4c6d844a399eebace3d4979d75ceef4", size = 107423, upload-time = "2025-06-02T14:52:11.399Z" }
wheels = [
    { url = "https://files.pythonhosted.org/packages/69/e0/552843e0d356fbb5256d21449fa957fa4eff3bbc135a74a691ee70c7c5da/typing_extensions-4.14.0-py3-none-any.whl", hash = "sha256:a1514509136dd0b477638fc68d6a91497af5076466ad0fa6c338e44e359944af", size = 43839, upload-time = "2025-06-02T14:52:10.026Z" },
]

[[package]]
name = "tzdata"
version = "2025.2"
source = { registry = "https://pypi.org/simple" }
sdist = { url = "https://files.pythonhosted.org/packages/95/32/1a225d6164441be760d75c2c42e2780dc0873fe382da3e98a2e1e48361e5/tzdata-2025.2.tar.gz", hash = "sha256:b60a638fcc0daffadf82fe0f57e53d06bdec2f36c4df66280ae79bce6bd6f2b9", size = 196380, upload-time = "2025-03-23T13:54:43.652Z" }
wheels = [
    { url = "https://files.pythonhosted.org/packages/5c/23/c7abc0ca0a1526a0774eca151daeb8de62ec457e77262b66b359c3c7679e/tzdata-2025.2-py2.py3-none-any.whl", hash = "sha256:1a403fada01ff9221ca8044d701868fa132215d84beb92242d9acd2147f667a8", size = 347839, upload-time = "2025-03-23T13:54:41.845Z" },
]
